
Microsoft Visual Studio Solution File, Format Version 12.00
# Visual Studio Version 17
VisualStudioVersion = 17.13.35919.96 d17.13
MinimumVisualStudioVersion = 10.0.40219.1
Project("{FAE04EC0-301F-11D3-BF4B-00C04F79EFBC}") = "Dream Team", "Dream Team\Dream Team.csproj", "{03D54FD1-3A91-47CC-B62D-34229F29EC0B}"
EndProject
Global
	GlobalSection(SolutionConfigurationPlatforms) = preSolution
		Debug|Any CPU = Debug|Any CPU
		Release|Any CPU = Release|Any CPU
	EndGlobalSection
	GlobalSection(ProjectConfigurationPlatforms) = postSolution
		{03D54FD1-3A91-47CC-B62D-34229F29EC0B}.Debug|Any CPU.ActiveCfg = Debug|Any CPU
		{03D54FD1-3A91-47CC-B62D-34229F29EC0B}.Debug|Any CPU.Build.0 = Debug|Any CPU
		{03D54FD1-3A91-47CC-B62D-34229F29EC0B}.Release|Any CPU.ActiveCfg = Release|Any CPU
		{03D54FD1-3A91-47CC-B62D-34229F29EC0B}.Release|Any CPU.Build.0 = Release|Any CPU
	EndGlobalSection
	GlobalSection(SolutionProperties) = preSolution
		HideSolutionNode = FALSE
	EndGlobalSection
	GlobalSection(ExtensibilityGlobals) = postSolution
		SolutionGuid = {25AD87A9-FA2A-4497-8600-E50C090B6F41}
	EndGlobalSection
EndGlobal
